// !$*UTF8*$!
{
	archiveVersion = 1;
	classes = {
	};
	objectVersion = 56;
	objects = {

/* Begin PBXBuildFile section */
		4F96FD7E2A329C7C00694EBE /* applewatchregression_1.mlmodel in Sources */ = {isa = PBXBuildFile; fileRef = 4F96FD7D2A329C7C00694EBE /* applewatchregression_1.mlmodel */; };
		4FD56E652A27045D00A4AA9A /* collector.swift in Sources */ = {isa = PBXBuildFile; fileRef = 4FD56E642A27045D00A4AA9A /* collector.swift */; };
		EBC7125A2A1BECB700CBF261 /* Sleep_cleanApp.swift in Sources */ = {isa = PBXBuildFile; fileRef = EBC712592A1BECB700CBF261 /* Sleep_cleanApp.swift */; };
		EBC7125C2A1BECB700CBF261 /* ContentView.swift in Sources */ = {isa = PBXBuildFile; fileRef = EBC7125B2A1BECB700CBF261 /* ContentView.swift */; };
		EBC7125E2A1BECB800CBF261 /* Assets.xcassets in Resources */ = {isa = PBXBuildFile; fileRef = EBC7125D2A1BECB800CBF261 /* Assets.xcassets */; };
		EBC712612A1BECB800CBF261 /* Preview Assets.xcassets in Resources */ = {isa = PBXBuildFile; fileRef = EBC712602A1BECB800CBF261 /* Preview Assets.xcassets */; };
		EBC7126B2A1BECB800CBF261 /* Sleep_cleanTests.swift in Sources */ = {isa = PBXBuildFile; fileRef = EBC7126A2A1BECB800CBF261 /* Sleep_cleanTests.swift */; };
		EBC712752A1BECB800CBF261 /* Sleep_cleanUITests.swift in Sources */ = {isa = PBXBuildFile; fileRef = EBC712742A1BECB800CBF261 /* Sleep_cleanUITests.swift */; };
		EBC712772A1BECB800CBF261 /* Sleep_cleanUITestsLaunchTests.swift in Sources */ = {isa = PBXBuildFile; fileRef = EBC712762A1BECB800CBF261 /* Sleep_cleanUITestsLaunchTests.swift */; };
		EBC712842A1C406E00CBF261 /* ViewController.swift in Sources */ = {isa = PBXBuildFile; fileRef = EBC712832A1C406E00CBF261 /* ViewController.swift */; };
/* End PBXBuildFile section */

/* Begin PBXContainerItemProxy section */
		EBC712672A1BECB800CBF261 /* PBXContainerItemProxy */ = {
			isa = PBXContainerItemProxy;
			containerPortal = EBC7124E2A1BECB700CBF261 /* Project object */;
			proxyType = 1;
			remoteGlobalIDString = EBC712552A1BECB700CBF261;
			remoteInfo = "Sleep-clean";
		};
		EBC712712A1BECB800CBF261 /* PBXContainerItemProxy */ = {
			isa = PBXContainerItemProxy;
			containerPortal = EBC7124E2A1BECB700CBF261 /* Project object */;
			proxyType = 1;
			remoteGlobalIDString = EBC712552A1BECB700CBF261;
			remoteInfo = "Sleep-clean";
		};
/* End PBXContainerItemProxy section */

/* Begin PBXFileReference section */
		4F96FD7D2A329C7C00694EBE /* applewatchregression_1.mlmodel */ = {isa = PBXFileReference; lastKnownFileType = file.mlmodel; name = applewatchregression_1.mlmodel; path = ../../../../Downloads/applewatchregression_1.mlmodel; sourceTree = "<group>"; };
		4FD56E642A27045D00A4AA9A /* collector.swift */ = {isa = PBXFileReference; lastKnownFileType = sourcecode.swift; path = collector.swift; sourceTree = "<group>"; };
		4FD56E6C2A270B5400A4AA9A /* archive (2) */ = {isa = PBXFileReference; lastKnownFileType = folder; name = "archive (2)"; path = "../../../../Downloads/archive (2)"; sourceTree = "<group>"; };
		EB2152142A30160A00A75A64 /* Info.plist */ = {isa = PBXFileReference; lastKnownFileType = text.plist; path = Info.plist; sourceTree = "<group>"; };
		EB98D2052A1D1667008B8A5C /* data_for_weka_aw.csv */ = {isa = PBXFileReference; lastKnownFileType = text; path = data_for_weka_aw.csv; sourceTree = "<group>"; };
		EB98D2092A1D16A6008B8A5C /* BetterRest.csv */ = {isa = PBXFileReference; lastKnownFileType = text; path = BetterRest.csv; sourceTree = "<group>"; };
		EBC712562A1BECB700CBF261 /* Sleep-clean.app */ = {isa = PBXFileReference; explicitFileType = wrapper.application; includeInIndex = 0; path = "Sleep-clean.app"; sourceTree = BUILT_PRODUCTS_DIR; };
		EBC712592A1BECB700CBF261 /* Sleep_cleanApp.swift */ = {isa = PBXFileReference; lastKnownFileType = sourcecode.swift; path = Sleep_cleanApp.swift; sourceTree = "<group>"; };
		EBC7125B2A1BECB700CBF261 /* ContentView.swift */ = {isa = PBXFileReference; lastKnownFileType = sourcecode.swift; path = ContentView.swift; sourceTree = "<group>"; };
		EBC7125D2A1BECB800CBF261 /* Assets.xcassets */ = {isa = PBXFileReference; lastKnownFileType = folder.assetcatalog; path = Assets.xcassets; sourceTree = "<group>"; };
		EBC712602A1BECB800CBF261 /* Preview Assets.xcassets */ = {isa = PBXFileReference; lastKnownFileType = folder.assetcatalog; path = "Preview Assets.xcassets"; sourceTree = "<group>"; };
		EBC712662A1BECB800CBF261 /* Sleep-cleanTests.xctest */ = {isa = PBXFileReference; explicitFileType = wrapper.cfbundle; includeInIndex = 0; path = "Sleep-cleanTests.xctest"; sourceTree = BUILT_PRODUCTS_DIR; };
		EBC7126A2A1BECB800CBF261 /* Sleep_cleanTests.swift */ = {isa = PBXFileReference; lastKnownFileType = sourcecode.swift; path = Sleep_cleanTests.swift; sourceTree = "<group>"; };
		EBC712702A1BECB800CBF261 /* Sleep-cleanUITests.xctest */ = {isa = PBXFileReference; explicitFileType = wrapper.cfbundle; includeInIndex = 0; path = "Sleep-cleanUITests.xctest"; sourceTree = BUILT_PRODUCTS_DIR; };
		EBC712742A1BECB800CBF261 /* Sleep_cleanUITests.swift */ = {isa = PBXFileReference; lastKnownFileType = sourcecode.swift; path = Sleep_cleanUITests.swift; sourceTree = "<group>"; };
		EBC712762A1BECB800CBF261 /* Sleep_cleanUITestsLaunchTests.swift */ = {isa = PBXFileReference; lastKnownFileType = sourcecode.swift; path = Sleep_cleanUITestsLaunchTests.swift; sourceTree = "<group>"; };
		EBC712832A1C406E00CBF261 /* ViewController.swift */ = {isa = PBXFileReference; lastKnownFileType = sourcecode.swift; path = ViewController.swift; sourceTree = "<group>"; };
/* End PBXFileReference section */

/* Begin PBXFrameworksBuildPhase section */
		EBC712532A1BECB700CBF261 /* Frameworks */ = {
			isa = PBXFrameworksBuildPhase;
			buildActionMask = 2147483647;
			files = (
			);
			runOnlyForDeploymentPostprocessing = 0;
		};
		EBC712632A1BECB800CBF261 /* Frameworks */ = {
			isa = PBXFrameworksBuildPhase;
			buildActionMask = 2147483647;
			files = (
			);
			runOnlyForDeploymentPostprocessing = 0;
		};
		EBC7126D2A1BECB800CBF261 /* Frameworks */ = {
			isa = PBXFrameworksBuildPhase;
			buildActionMask = 2147483647;
			files = (
			);
			runOnlyForDeploymentPostprocessing = 0;
		};
/* End PBXFrameworksBuildPhase section */

/* Begin PBXGroup section */
		4FA68D422A270B7700237207 /* Recovered References */ = {
			isa = PBXGroup;
			children = (
			);
			name = "Recovered References";
			sourceTree = "<group>";
		};
		EB98D2082A1D169D008B8A5C /* Data */ = {
			isa = PBXGroup;
			children = (
				EB98D2052A1D1667008B8A5C /* data_for_weka_aw.csv */,
				EB98D2092A1D16A6008B8A5C /* BetterRest.csv */,
			);
			path = Data;
			sourceTree = "<group>";
		};
		EBC7124D2A1BECB700CBF261 = {
			isa = PBXGroup;
			children = (
				EBC712582A1BECB700CBF261 /* Sleep-clean */,
				EBC712692A1BECB800CBF261 /* Sleep-cleanTests */,
				EBC712732A1BECB800CBF261 /* Sleep-cleanUITests */,
				EBC712572A1BECB700CBF261 /* Products */,
				4FA68D422A270B7700237207 /* Recovered References */,
			);
			sourceTree = "<group>";
		};
		EBC712572A1BECB700CBF261 /* Products */ = {
			isa = PBXGroup;
			children = (
				EBC712562A1BECB700CBF261 /* Sleep-clean.app */,
				EBC712662A1BECB800CBF261 /* Sleep-cleanTests.xctest */,
				EBC712702A1BECB800CBF261 /* Sleep-cleanUITests.xctest */,
			);
			name = Products;
			sourceTree = "<group>";
		};
		EBC712582A1BECB700CBF261 /* Sleep-clean */ = {
			isa = PBXGroup;
			children = (
				EB2152142A30160A00A75A64 /* Info.plist */,
				EB98D2082A1D169D008B8A5C /* Data */,
				EBC712832A1C406E00CBF261 /* ViewController.swift */,
				4FD56E642A27045D00A4AA9A /* collector.swift */,
				EBC712592A1BECB700CBF261 /* Sleep_cleanApp.swift */,
				4F96FD7D2A329C7C00694EBE /* applewatchregression_1.mlmodel */,
				EBC7125B2A1BECB700CBF261 /* ContentView.swift */,
				EBC7125D2A1BECB800CBF261 /* Assets.xcassets */,
				4FD56E6C2A270B5400A4AA9A /* archive (2) */,
				EBC7125F2A1BECB800CBF261 /* Preview Content */,
			);
			path = "Sleep-clean";
			sourceTree = "<group>";
		};
		EBC7125F2A1BECB800CBF261 /* Preview Content */ = {
			isa = PBXGroup;
			children = (
				EBC712602A1BECB800CBF261 /* Preview Assets.xcassets */,
			);
			path = "Preview Content";
			sourceTree = "<group>";
		};
		EBC712692A1BECB800CBF261 /* Sleep-cleanTests */ = {
			isa = PBXGroup;
			children = (
				EBC7126A2A1BECB800CBF261 /* Sleep_cleanTests.swift */,
			);
			path = "Sleep-cleanTests";
			sourceTree = "<group>";
		};
		EBC712732A1BECB800CBF261 /* Sleep-cleanUITests */ = {
			isa = PBXGroup;
			children = (
				EBC712742A1BECB800CBF261 /* Sleep_cleanUITests.swift */,
				EBC712762A1BECB800CBF261 /* Sleep_cleanUITestsLaunchTests.swift */,
			);
			path = "Sleep-cleanUITests";
			sourceTree = "<group>";
		};
/* End PBXGroup section */

/* Begin PBXNativeTarget section */
		EBC712552A1BECB700CBF261 /* Sleep-clean */ = {
			isa = PBXNativeTarget;
			buildConfigurationList = EBC7127A2A1BECB800CBF261 /* Build configuration list for PBXNativeTarget "Sleep-clean" */;
			buildPhases = (
				EBC712522A1BECB700CBF261 /* Sources */,
				EBC712532A1BECB700CBF261 /* Frameworks */,
				EBC712542A1BECB700CBF261 /* Resources */,
			);
			buildRules = (
			);
			dependencies = (
			);
			name = "Sleep-clean";
			productName = "Sleep-clean";
			productReference = EBC712562A1BECB700CBF261 /* Sleep-clean.app */;
			productType = "com.apple.product-type.application";
		};
		EBC712652A1BECB800CBF261 /* Sleep-cleanTests */ = {
			isa = PBXNativeTarget;
			buildConfigurationList = EBC7127D2A1BECB800CBF261 /* Build configuration list for PBXNativeTarget "Sleep-cleanTests" */;
			buildPhases = (
				EBC712622A1BECB800CBF261 /* Sources */,
				EBC712632A1BECB800CBF261 /* Frameworks */,
				EBC712642A1BECB800CBF261 /* Resources */,
			);
			buildRules = (
			);
			dependencies = (
				EBC712682A1BECB800CBF261 /* PBXTargetDependency */,
			);
			name = "Sleep-cleanTests";
			productName = "Sleep-cleanTests";
			productReference = EBC712662A1BECB800CBF261 /* Sleep-cleanTests.xctest */;
			productType = "com.apple.product-type.bundle.unit-test";
		};
		EBC7126F2A1BECB800CBF261 /* Sleep-cleanUITests */ = {
			isa = PBXNativeTarget;
			buildConfigurationList = EBC712802A1BECB800CBF261 /* Build configuration list for PBXNativeTarget "Sleep-cleanUITests" */;
			buildPhases = (
				EBC7126C2A1BECB800CBF261 /* Sources */,
				EBC7126D2A1BECB800CBF261 /* Frameworks */,
				EBC7126E2A1BECB800CBF261 /* Resources */,
			);
			buildRules = (
			);
			dependencies = (
				EBC712722A1BECB800CBF261 /* PBXTargetDependency */,
			);
			name = "Sleep-cleanUITests";
			productName = "Sleep-cleanUITests";
			productReference = EBC712702A1BECB800CBF261 /* Sleep-cleanUITests.xctest */;
			productType = "com.apple.product-type.bundle.ui-testing";
		};
/* End PBXNativeTarget section */

/* Begin PBXProject section */
		EBC7124E2A1BECB700CBF261 /* Project object */ = {
			isa = PBXProject;
			attributes = {
				BuildIndependentTargetsInParallel = 1;
				LastSwiftUpdateCheck = 1430;
				LastUpgradeCheck = 1430;
				TargetAttributes = {
					EBC712552A1BECB700CBF261 = {
						CreatedOnToolsVersion = 14.3;
					};
					EBC712652A1BECB800CBF261 = {
						CreatedOnToolsVersion = 14.3;
						TestTargetID = EBC712552A1BECB700CBF261;
					};
					EBC7126F2A1BECB800CBF261 = {
						CreatedOnToolsVersion = 14.3;
						TestTargetID = EBC712552A1BECB700CBF261;
					};
				};
			};
			buildConfigurationList = EBC712512A1BECB700CBF261 /* Build configuration list for PBXProject "Sleep-clean" */;
			compatibilityVersion = "Xcode 14.0";
			developmentRegion = en;
			hasScannedForEncodings = 0;
			knownRegions = (
				en,
				Base,
			);
			mainGroup = EBC7124D2A1BECB700CBF261;
			productRefGroup = EBC712572A1BECB700CBF261 /* Products */;
			projectDirPath = "";
			projectRoot = "";
			targets = (
				EBC712552A1BECB700CBF261 /* Sleep-clean */,
				EBC712652A1BECB800CBF261 /* Sleep-cleanTests */,
				EBC7126F2A1BECB800CBF261 /* Sleep-cleanUITests */,
			);
		};
/* End PBXProject section */

/* Begin PBXResourcesBuildPhase section */
		EBC712542A1BECB700CBF261 /* Resources */ = {
			isa = PBXResourcesBuildPhase;
			buildActionMask = 2147483647;
			files = (
				EBC712612A1BECB800CBF261 /* Preview Assets.xcassets in Resources */,
				EBC7125E2A1BECB800CBF261 /* Assets.xcassets in Resources */,
			);
			runOnlyForDeploymentPostprocessing = 0;
		};
		EBC712642A1BECB800CBF261 /* Resources */ = {
			isa = PBXResourcesBuildPhase;
			buildActionMask = 2147483647;
			files = (
			);
			runOnlyForDeploymentPostprocessing = 0;
		};
		EBC7126E2A1BECB800CBF261 /* Resources */ = {
			isa = PBXResourcesBuildPhase;
			buildActionMask = 2147483647;
			files = (
			);
			runOnlyForDeploymentPostprocessing = 0;
		};
/* End PBXResourcesBuildPhase section */

/* Begin PBXSourcesBuildPhase section */
		EBC712522A1BECB700CBF261 /* Sources */ = {
			isa = PBXSourcesBuildPhase;
			buildActionMask = 2147483647;
			files = (
				EBC712842A1C406E00CBF261 /* ViewController.swift in Sources */,
				EBC7125C2A1BECB700CBF261 /* ContentView.swift in Sources */,
				4FD56E652A27045D00A4AA9A /* collector.swift in Sources */,
				4F96FD7E2A329C7C00694EBE /* applewatchregression_1.mlmodel in Sources */,
				EBC7125A2A1BECB700CBF261 /* Sleep_cleanApp.swift in Sources */,
			);
			runOnlyForDeploymentPostprocessing = 0;
		};
		EBC712622A1BECB800CBF261 /* Sources */ = {
			isa = PBXSourcesBuildPhase;
			buildActionMask = 2147483647;
			files = (
				EBC7126B2A1BECB800CBF261 /* Sleep_cleanTests.swift in Sources */,
			);
			runOnlyForDeploymentPostprocessing = 0;
		};
		EBC7126C2A1BECB800CBF261 /* Sources */ = {
			isa = PBXSourcesBuildPhase;
			buildActionMask = 2147483647;
			files = (
				EBC712772A1BECB800CBF261 /* Sleep_cleanUITestsLaunchTests.swift in Sources */,
				EBC712752A1BECB800CBF261 /* Sleep_cleanUITests.swift in Sources */,
			);
			runOnlyForDeploymentPostprocessing = 0;
		};
/* End PBXSourcesBuildPhase section */

/* Begin PBXTargetDependency section */
		EBC712682A1BECB800CBF261 /* PBXTargetDependency */ = {
			isa = PBXTargetDependency;
			target = EBC712552A1BECB700CBF261 /* Sleep-clean */;
			targetProxy = EBC712672A1BECB800CBF261 /* PBXContainerItemProxy */;
		};
		EBC712722A1BECB800CBF261 /* PBXTargetDependency */ = {
			isa = PBXTargetDependency;
			target = EBC712552A1BECB700CBF261 /* Sleep-clean */;
			targetProxy = EBC712712A1BECB800CBF261 /* PBXContainerItemProxy */;
		};
/* End PBXTargetDependency section */

/* Begin XCBuildConfiguration section */
		EBC712782A1BECB800CBF261 /* Debug */ = {
			isa = XCBuildConfiguration;
			buildSettings = {
				ALWAYS_SEARCH_USER_PATHS = NO;
				CLANG_ANALYZER_NONNULL = YES;
				CLANG_ANALYZER_NUMBER_OBJECT_CONVERSION = YES_AGGRESSIVE;
				CLANG_CXX_LANGUAGE_STANDARD = "gnu++20";
				CLANG_ENABLE_MODULES = YES;
				CLANG_ENABLE_OBJC_ARC = YES;
				CLANG_ENABLE_OBJC_WEAK = YES;
				CLANG_WARN_BLOCK_CAPTURE_AUTORELEASING = YES;
				CLANG_WARN_BOOL_CONVERSION = YES;
				CLANG_WARN_COMMA = YES;
				CLANG_WARN_CONSTANT_CONVERSION = YES;
				CLANG_WARN_DEPRECATED_OBJC_IMPLEMENTATIONS = YES;
				CLANG_WARN_DIRECT_OBJC_ISA_USAGE = YES_ERROR;
				CLANG_WARN_DOCUMENTATION_COMMENTS = YES;
				CLANG_WARN_EMPTY_BODY = YES;
				CLANG_WARN_ENUM_CONVERSION = YES;
				CLANG_WARN_INFINITE_RECURSION = YES;
				CLANG_WARN_INT_CONVERSION = YES;
				CLANG_WARN_NON_LITERAL_NULL_CONVERSION = YES;
				CLANG_WARN_OBJC_IMPLICIT_RETAIN_SELF = YES;
				CLANG_WARN_OBJC_LITERAL_CONVERSION = YES;
				CLANG_WARN_OBJC_ROOT_CLASS = YES_ERROR;
				CLANG_WARN_QUOTED_INCLUDE_IN_FRAMEWORK_HEADER = YES;
				CLANG_WARN_RANGE_LOOP_ANALYSIS = YES;
				CLANG_WARN_STRICT_PROTOTYPES = YES;
				CLANG_WARN_SUSPICIOUS_MOVE = YES;
				CLANG_WARN_UNGUARDED_AVAILABILITY = YES_AGGRESSIVE;
				CLANG_WARN_UNREACHABLE_CODE = YES;
				CLANG_WARN__DUPLICATE_METHOD_MATCH = YES;
				COPY_PHASE_STRIP = NO;
				DEBUG_INFORMATION_FORMAT = dwarf;
				ENABLE_STRICT_OBJC_MSGSEND = YES;
				ENABLE_TESTABILITY = YES;
				GCC_C_LANGUAGE_STANDARD = gnu11;
				GCC_DYNAMIC_NO_PIC = NO;
				GCC_NO_COMMON_BLOCKS = YES;
				GCC_OPTIMIZATION_LEVEL = 0;
				GCC_PREPROCESSOR_DEFINITIONS = (
					"DEBUG=1",
					"$(inherited)",
				);
				GCC_WARN_64_TO_32_BIT_CONVERSION = YES;
				GCC_WARN_ABOUT_RETURN_TYPE = YES_ERROR;
				GCC_WARN_UNDECLARED_SELECTOR = YES;
				GCC_WARN_UNINITIALIZED_AUTOS = YES_AGGRESSIVE;
				GCC_WARN_UNUSED_FUNCTION = YES;
				GCC_WARN_UNUSED_VARIABLE = YES;
				IPHONEOS_DEPLOYMENT_TARGET = 16.4;
				MTL_ENABLE_DEBUG_INFO = INCLUDE_SOURCE;
				MTL_FAST_MATH = YES;
				ONLY_ACTIVE_ARCH = YES;
				SDKROOT = iphoneos;
				SWIFT_ACTIVE_COMPILATION_CONDITIONS = DEBUG;
				SWIFT_OPTIMIZATION_LEVEL = "-Onone";
			};
			name = Debug;
		};
		EBC712792A1BECB800CBF261 /* Release */ = {
			isa = XCBuildConfiguration;
			buildSettings = {
				ALWAYS_SEARCH_USER_PATHS = NO;
				CLANG_ANALYZER_NONNULL = YES;
				CLANG_ANALYZER_NUMBER_OBJECT_CONVERSION = YES_AGGRESSIVE;
				CLANG_CXX_LANGUAGE_STANDARD = "gnu++20";
				CLANG_ENABLE_MODULES = YES;
				CLANG_ENABLE_OBJC_ARC = YES;
				CLANG_ENABLE_OBJC_WEAK = YES;
				CLANG_WARN_BLOCK_CAPTURE_AUTORELEASING = YES;
				CLANG_WARN_BOOL_CONVERSION = YES;
				CLANG_WARN_COMMA = YES;
				CLANG_WARN_CONSTANT_CONVERSION = YES;
				CLANG_WARN_DEPRECATED_OBJC_IMPLEMENTATIONS = YES;
				CLANG_WARN_DIRECT_OBJC_ISA_USAGE = YES_ERROR;
				CLANG_WARN_DOCUMENTATION_COMMENTS = YES;
				CLANG_WARN_EMPTY_BODY = YES;
				CLANG_WARN_ENUM_CONVERSION = YES;
				CLANG_WARN_INFINITE_RECURSION = YES;
				CLANG_WARN_INT_CONVERSION = YES;
				CLANG_WARN_NON_LITERAL_NULL_CONVERSION = YES;
				CLANG_WARN_OBJC_IMPLICIT_RETAIN_SELF = YES;
				CLANG_WARN_OBJC_LITERAL_CONVERSION = YES;
				CLANG_WARN_OBJC_ROOT_CLASS = YES_ERROR;
				CLANG_WARN_QUOTED_INCLUDE_IN_FRAMEWORK_HEADER = YES;
				CLANG_WARN_RANGE_LOOP_ANALYSIS = YES;
				CLANG_WARN_STRICT_PROTOTYPES = YES;
				CLANG_WARN_SUSPICIOUS_MOVE = YES;
				CLANG_WARN_UNGUARDED_AVAILABILITY = YES_AGGRESSIVE;
				CLANG_WARN_UNREACHABLE_CODE = YES;
				CLANG_WARN__DUPLICATE_METHOD_MATCH = YES;
				COPY_PHASE_STRIP = NO;
				DEBUG_INFORMATION_FORMAT = "dwarf-with-dsym";
				ENABLE_NS_ASSERTIONS = NO;
				ENABLE_STRICT_OBJC_MSGSEND = YES;
				GCC_C_LANGUAGE_STANDARD = gnu11;
				GCC_NO_COMMON_BLOCKS = YES;
				GCC_WARN_64_TO_32_BIT_CONVERSION = YES;
				GCC_WARN_ABOUT_RETURN_TYPE = YES_ERROR;
				GCC_WARN_UNDECLARED_SELECTOR = YES;
				GCC_WARN_UNINITIALIZED_AUTOS = YES_AGGRESSIVE;
				GCC_WARN_UNUSED_FUNCTION = YES;
				GCC_WARN_UNUSED_VARIABLE = YES;
				IPHONEOS_DEPLOYMENT_TARGET = 16.4;
				MTL_ENABLE_DEBUG_INFO = NO;
				MTL_FAST_MATH = YES;
				SDKROOT = iphoneos;
				SWIFT_COMPILATION_MODE = wholemodule;
				SWIFT_OPTIMIZATION_LEVEL = "-O";
				VALIDATE_PRODUCT = YES;
			};
			name = Release;
		};
		EBC7127B2A1BECB800CBF261 /* Debug */ = {
			isa = XCBuildConfiguration;
			buildSettings = {
				ASSETCATALOG_COMPILER_APPICON_NAME = AppIcon;
				ASSETCATALOG_COMPILER_GLOBAL_ACCENT_COLOR_NAME = AccentColor;
				CODE_SIGN_ENTITLEMENTS = "Sleep-clean/Sleep-clean.entitlements";
				CODE_SIGN_STYLE = Automatic;
				CURRENT_PROJECT_VERSION = 1;
				DEVELOPMENT_ASSET_PATHS = "\"Sleep-clean/Preview Content\"";
				DEVELOPMENT_TEAM = 45X4YG4563;
				ENABLE_PREVIEWS = YES;
				GENERATE_INFOPLIST_FILE = YES;
				INFOPLIST_FILE = "Sleep-clean/Info.plist";
				INFOPLIST_KEY_LSApplicationCategoryType = "";
				INFOPLIST_KEY_NSHealthShareUsageDescription = "Usage description for Step Count: This app requires access to your step count data for analyzing your activity levels.\n    Usage description for Date of Birth: This app needs access to your date of birth for personalized health recommendations.\n    Usage description for Biological Sex: Your biological sex information is required to provide accurate health insights.\n    Usage description for Height: Access to your height data is necessary for personalized health assessments.\n    Usage description for Body Mass: This app needs access to your body mass information to calculate BMI.\n    Usage description for Heart Rate: This app requires access to your heart rate data for monitoring your cardiovascular health.\n    Usage description for Distance Walking/Running: Your walking and running distance data is required for tracking your fitness progress.";
				INFOPLIST_KEY_NSHealthUpdateUsageDescription = HKQuantityTypeIdentifierStepCount;
				INFOPLIST_KEY_UIApplicationSceneManifest_Generation = YES;
				INFOPLIST_KEY_UIApplicationSupportsIndirectInputEvents = YES;
				INFOPLIST_KEY_UILaunchScreen_Generation = YES;
				INFOPLIST_KEY_UISupportedInterfaceOrientations_iPad = "UIInterfaceOrientationPortrait UIInterfaceOrientationPortraitUpsideDown UIInterfaceOrientationLandscapeLeft UIInterfaceOrientationLandscapeRight";
				INFOPLIST_KEY_UISupportedInterfaceOrientations_iPhone = "UIInterfaceOrientationPortrait UIInterfaceOrientationLandscapeLeft UIInterfaceOrientationLandscapeRight";
				LD_RUNPATH_SEARCH_PATHS = (
					"$(inherited)",
					"@executable_path/Frameworks",
				);
				MARKETING_VERSION = 1.0;
				PRODUCT_BUNDLE_IDENTIFIER = "dream.Sleep-clean";
				PRODUCT_NAME = "$(TARGET_NAME)";
				SWIFT_EMIT_LOC_STRINGS = YES;
				SWIFT_VERSION = 5.0;
				TARGETED_DEVICE_FAMILY = "1,2";
			};
			name = Debug;
		};
		EBC7127C2A1BECB800CBF261 /* Release */ = {
			isa = XCBuildConfiguration;
			buildSettings = {
				ASSETCATALOG_COMPILER_APPICON_NAME = AppIcon;
				ASSETCATALOG_COMPILER_GLOBAL_ACCENT_COLOR_NAME = AccentColor;
				CODE_SIGN_ENTITLEMENTS = "Sleep-clean/Sleep-clean.entitlements";
				CODE_SIGN_STYLE = Automatic;
				CURRENT_PROJECT_VERSION = 1;
				DEVELOPMENT_ASSET_PATHS = "\"Sleep-clean/Preview Content\"";
				DEVELOPMENT_TEAM = 45X4YG4563;
				ENABLE_PREVIEWS = YES;
				GENERATE_INFOPLIST_FILE = YES;
				INFOPLIST_FILE = "Sleep-clean/Info.plist";
				INFOPLIST_KEY_LSApplicationCategoryType = "";
				INFOPLIST_KEY_NSHealthShareUsageDescription = "Usage description for Step Count: This app requires access to your step count data for analyzing your activity levels.\n    Usage description for Date of Birth: This app needs access to your date of birth for personalized health recommendations.\n    Usage description for Biological Sex: Your biological sex information is required to provide accurate health insights.\n    Usage description for Height: Access to your height data is necessary for personalized health assessments.\n    Usage description for Body Mass: This app needs access to your body mass information to calculate BMI.\n    Usage description for Heart Rate: This app requires access to your heart rate data for monitoring your cardiovascular health.\n    Usage description for Distance Walking/Running: Your walking and running distance data is required for tracking your fitness progress.";
				INFOPLIST_KEY_NSHealthUpdateUsageDescription = HKQuantityTypeIdentifierStepCount;
				INFOPLIST_KEY_UIApplicationSceneManifest_Generation = YES;
				INFOPLIST_KEY_UIApplicationSupportsIndirectInputEvents = YES;
				INFOPLIST_KEY_UILaunchScreen_Generation = YES;
				INFOPLIST_KEY_UISupportedInterfaceOrientations_iPad = "UIInterfaceOrientationPortrait UIInterfaceOrientationPortraitUpsideDown UIInterfaceOrientationLandscapeLeft UIInterfaceOrientationLandscapeRight";
				INFOPLIST_KEY_UISupportedInterfaceOrientations_iPhone = "UIInterfaceOrientationPortrait UIInterfaceOrientationLandscapeLeft UIInterfaceOrientationLandscapeRight";
				LD_RUNPATH_SEARCH_PATHS = (
					"$(inherited)",
					"@executable_path/Frameworks",
				);
				MARKETING_VERSION = 1.0;
				PRODUCT_BUNDLE_IDENTIFIER = "dream.Sleep-clean";
				PRODUCT_NAME = "$(TARGET_NAME)";
				SWIFT_EMIT_LOC_STRINGS = YES;
				SWIFT_VERSION = 5.0;
				TARGETED_DEVICE_FAMILY = "1,2";
			};
			name = Release;
		};
		EBC7127E2A1BECB800CBF261 /* Debug */ = {
			isa = XCBuildConfiguration;
			buildSettings = {
				ALWAYS_EMBED_SWIFT_STANDARD_LIBRARIES = YES;
				BUNDLE_LOADER = "$(TEST_HOST)";
				CODE_SIGN_STYLE = Automatic;
				CURRENT_PROJECT_VERSION = 1;
				GENERATE_INFOPLIST_FILE = YES;
				IPHONEOS_DEPLOYMENT_TARGET = 16.4;
				MARKETING_VERSION = 1.0;
				PRODUCT_BUNDLE_IDENTIFIER = "dream.Sleep-cleanTests";
				PRODUCT_NAME = "$(TARGET_NAME)";
				SWIFT_EMIT_LOC_STRINGS = NO;
				SWIFT_VERSION = 5.0;
				TARGETED_DEVICE_FAMILY = "1,2";
				TEST_HOST = "$(BUILT_PRODUCTS_DIR)/Sleep-clean.app/$(BUNDLE_EXECUTABLE_FOLDER_PATH)/Sleep-clean";
			};
			name = Debug;
		};
		EBC7127F2A1BECB800CBF261 /* Release */ = {
			isa = XCBuildConfiguration;
			buildSettings = {
				ALWAYS_EMBED_SWIFT_STANDARD_LIBRARIES = YES;
				BUNDLE_LOADER = "$(TEST_HOST)";
				CODE_SIGN_STYLE = Automatic;
				CURRENT_PROJECT_VERSION = 1;
				GENERATE_INFOPLIST_FILE = YES;
				IPHONEOS_DEPLOYMENT_TARGET = 16.4;
				MARKETING_VERSION = 1.0;
				PRODUCT_BUNDLE_IDENTIFIER = "dream.Sleep-cleanTests";
				PRODUCT_NAME = "$(TARGET_NAME)";
				SWIFT_EMIT_LOC_STRINGS = NO;
				SWIFT_VERSION = 5.0;
				TARGETED_DEVICE_FAMILY = "1,2";
				TEST_HOST = "$(BUILT_PRODUCTS_DIR)/Sleep-clean.app/$(BUNDLE_EXECUTABLE_FOLDER_PATH)/Sleep-clean";
			};
			name = Release;
		};
		EBC712812A1BECB800CBF261 /* Debug */ = {
			isa = XCBuildConfiguration;
			buildSettings = {
				ALWAYS_EMBED_SWIFT_STANDARD_LIBRARIES = YES;
				CODE_SIGN_STYLE = Automatic;
				CURRENT_PROJECT_VERSION = 1;
				GENERATE_INFOPLIST_FILE = YES;
				MARKETING_VERSION = 1.0;
				PRODUCT_BUNDLE_IDENTIFIER = "dream.Sleep-cleanUITests";
				PRODUCT_NAME = "$(TARGET_NAME)";
				SWIFT_EMIT_LOC_STRINGS = NO;
				SWIFT_VERSION = 5.0;
				TARGETED_DEVICE_FAMILY = "1,2";
				TEST_TARGET_NAME = "Sleep-clean";
			};
			name = Debug;
		};
		EBC712822A1BECB800CBF261 /* Release */ = {
			isa = XCBuildConfiguration;
			buildSettings = {
				ALWAYS_EMBED_SWIFT_STANDARD_LIBRARIES = YES;
				CODE_SIGN_STYLE = Automatic;
				CURRENT_PROJECT_VERSION = 1;
				GENERATE_INFOPLIST_FILE = YES;
				MARKETING_VERSION = 1.0;
				PRODUCT_BUNDLE_IDENTIFIER = "dream.Sleep-cleanUITests";
				PRODUCT_NAME = "$(TARGET_NAME)";
				SWIFT_EMIT_LOC_STRINGS = NO;
				SWIFT_VERSION = 5.0;
				TARGETED_DEVICE_FAMILY = "1,2";
				TEST_TARGET_NAME = "Sleep-clean";
			};
			name = Release;
		};
/* End XCBuildConfiguration section */

/* Begin XCConfigurationList section */
		EBC712512A1BECB700CBF261 /* Build configuration list for PBXProject "Sleep-clean" */ = {
			isa = XCConfigurationList;
			buildConfigurations = (
				EBC712782A1BECB800CBF261 /* Debug */,
				EBC712792A1BECB800CBF261 /* Release */,
			);
			defaultConfigurationIsVisible = 0;
			defaultConfigurationName = Release;
		};
		EBC7127A2A1BECB800CBF261 /* Build configuration list for PBXNativeTarget "Sleep-clean" */ = {
			isa = XCConfigurationList;
			buildConfigurations = (
				EBC7127B2A1BECB800CBF261 /* Debug */,
				EBC7127C2A1BECB800CBF261 /* Release */,
			);
			defaultConfigurationIsVisible = 0;
			defaultConfigurationName = Release;
		};
		EBC7127D2A1BECB800CBF261 /* Build configuration list for PBXNativeTarget "Sleep-cleanTests" */ = {
			isa = XCConfigurationList;
			buildConfigurations = (
				EBC7127E2A1BECB800CBF261 /* Debug */,
				EBC7127F2A1BECB800CBF261 /* Release */,
			);
			defaultConfigurationIsVisible = 0;
			defaultConfigurationName = Release;
		};
		EBC712802A1BECB800CBF261 /* Build configuration list for PBXNativeTarget "Sleep-cleanUITests" */ = {
			isa = XCConfigurationList;
			buildConfigurations = (
				EBC712812A1BECB800CBF261 /* Debug */,
				EBC712822A1BECB800CBF261 /* Release */,
			);
			defaultConfigurationIsVisible = 0;
			defaultConfigurationName = Release;
		};
/* End XCConfigurationList section */
	};
	rootObject = EBC7124E2A1BECB700CBF261 /* Project object */;
}
